
Microsoft Visual Studio Solution File, Format Version 12.00
# Visual Studio Version 16
VisualStudioVersion = 16.0.31229.75
MinimumVisualStudioVersion = 10.0.40219.1
Project("{FAE04EC0-301F-11D3-BF4B-00C04F79EFBC}") = "SimpleConsoleApp", "SimpleConsoleApp\SimpleConsoleApp.csproj", "{B63118B8-E3F2-4F76-930C-F3E417DC1F6B}"
EndProject
Global
	GlobalSection(SolutionConfigurationPlatforms) = preSolution
		Debug|Any CPU = Debug|Any CPU
		Release|Any CPU = Release|Any CPU
	EndGlobalSection
	GlobalSection(ProjectConfigurationPlatforms) = postSolution
		{B63118B8-E3F2-4F76-930C-F3E417DC1F6B}.Debug|Any CPU.ActiveCfg = Debug|Any CPU
		{B63118B8-E3F2-4F76-930C-F3E417DC1F6B}.Debug|Any CPU.Build.0 = Debug|Any CPU
		{B63118B8-E3F2-4F76-930C-F3E417DC1F6B}.Release|Any CPU.ActiveCfg = Release|Any CPU
		{B63118B8-E3F2-4F76-930C-F3E417DC1F6B}.Release|Any CPU.Build.0 = Release|Any CPU
	EndGlobalSection
	GlobalSection(SolutionProperties) = preSolution
		HideSolutionNode = FALSE
	EndGlobalSection
	GlobalSection(ExtensibilityGlobals) = postSolution
		SolutionGuid = {BF75F679-DA81-4231-960D-A5E33EAD54C2}
	EndGlobalSection
EndGlobal
